// !$*UTF8*$!
{
	archiveVersion = 1;
	classes = {
	};
	objectVersion = 56;
	objects = {

/* Begin PBXBuildFile section */
		B43565A52B3D8B1C00CF866E /* OnboardingScreen.swift in Sources */ = {isa = PBXBuildFile; fileRef = B43565A42B3D8B1C00CF866E /* OnboardingScreen.swift */; };
		B467EF8A2B3419D500B9D89A /* NurazApp.swift in Sources */ = {isa = PBXBuildFile; fileRef = B467EF892B3419D500B9D89A /* NurazApp.swift */; };
		B467EF8C2B3419D500B9D89A /* ContentView.swift in Sources */ = {isa = PBXBuildFile; fileRef = B467EF8B2B3419D500B9D89A /* ContentView.swift */; };
		B467EF8E2B3419DA00B9D89A /* Assets.xcassets in Resources */ = {isa = PBXBuildFile; fileRef = B467EF8D2B3419DA00B9D89A /* Assets.xcassets */; };
		B467EF912B3419DA00B9D89A /* Preview Assets.xcassets in Resources */ = {isa = PBXBuildFile; fileRef = B467EF902B3419DA00B9D89A /* Preview Assets.xcassets */; };
		B4EAD2572B3EDE3600F72816 /* OnboardingData.swift in Sources */ = {isa = PBXBuildFile; fileRef = B4EAD2562B3EDE3600F72816 /* OnboardingData.swift */; };
		B4F751F92B36545500FDA745 /* AppTextField.swift in Sources */ = {isa = PBXBuildFile; fileRef = B4F751F82B36545500FDA745 /* AppTextField.swift */; };
/* End PBXBuildFile section */

/* Begin PBXFileReference section */
		B43565A42B3D8B1C00CF866E /* OnboardingScreen.swift */ = {isa = PBXFileReference; lastKnownFileType = sourcecode.swift; path = OnboardingScreen.swift; sourceTree = "<group>"; };
		B467EF862B3419D500B9D89A /* Nuraz.app */ = {isa = PBXFileReference; explicitFileType = wrapper.application; includeInIndex = 0; path = Nuraz.app; sourceTree = BUILT_PRODUCTS_DIR; };
		B467EF892B3419D500B9D89A /* NurazApp.swift */ = {isa = PBXFileReference; lastKnownFileType = sourcecode.swift; path = NurazApp.swift; sourceTree = "<group>"; };
		B467EF8B2B3419D500B9D89A /* ContentView.swift */ = {isa = PBXFileReference; lastKnownFileType = sourcecode.swift; path = ContentView.swift; sourceTree = "<group>"; };
		B467EF8D2B3419DA00B9D89A /* Assets.xcassets */ = {isa = PBXFileReference; lastKnownFileType = folder.assetcatalog; path = Assets.xcassets; sourceTree = "<group>"; };
		B467EF902B3419DA00B9D89A /* Preview Assets.xcassets */ = {isa = PBXFileReference; lastKnownFileType = folder.assetcatalog; path = "Preview Assets.xcassets"; sourceTree = "<group>"; };
		B4EAD2562B3EDE3600F72816 /* OnboardingData.swift */ = {isa = PBXFileReference; lastKnownFileType = sourcecode.swift; path = OnboardingData.swift; sourceTree = "<group>"; };
		B4F751F82B36545500FDA745 /* AppTextField.swift */ = {isa = PBXFileReference; lastKnownFileType = sourcecode.swift; path = AppTextField.swift; sourceTree = "<group>"; };
/* End PBXFileReference section */

/* Begin PBXFrameworksBuildPhase section */
		B467EF832B3419D500B9D89A /* Frameworks */ = {
			isa = PBXFrameworksBuildPhase;
			buildActionMask = 2147483647;
			files = (
			);
			runOnlyForDeploymentPostprocessing = 0;
		};
/* End PBXFrameworksBuildPhase section */

/* Begin PBXGroup section */
		B467EF7D2B3419D500B9D89A = {
			isa = PBXGroup;
			children = (
				B467EF882B3419D500B9D89A /* Nuraz */,
				B467EF872B3419D500B9D89A /* Products */,
			);
			sourceTree = "<group>";
		};
		B467EF872B3419D500B9D89A /* Products */ = {
			isa = PBXGroup;
			children = (
				B467EF862B3419D500B9D89A /* Nuraz.app */,
			);
			name = Products;
			sourceTree = "<group>";
		};
		B467EF882B3419D500B9D89A /* Nuraz */ = {
			isa = PBXGroup;
			children = (
				B4EAD2552B3EDDB100F72816 /* Onboarding */,
				B467EF892B3419D500B9D89A /* NurazApp.swift */,
				B467EF8B2B3419D500B9D89A /* ContentView.swift */,
				B467EF8D2B3419DA00B9D89A /* Assets.xcassets */,
				B467EF8F2B3419DA00B9D89A /* Preview Content */,
				B4F751F82B36545500FDA745 /* AppTextField.swift */,
			);
			path = Nuraz;
			sourceTree = "<group>";
		};
		B467EF8F2B3419DA00B9D89A /* Preview Content */ = {
			isa = PBXGroup;
			children = (
				B467EF902B3419DA00B9D89A /* Preview Assets.xcassets */,
			);
			path = "Preview Content";
			sourceTree = "<group>";
		};
		B4EAD2552B3EDDB100F72816 /* Onboarding */ = {
			isa = PBXGroup;
			children = (
				B43565A42B3D8B1C00CF866E /* OnboardingScreen.swift */,
				B4EAD2562B3EDE3600F72816 /* OnboardingData.swift */,
			);
			path = Onboarding;
			sourceTree = "<group>";
		};
/* End PBXGroup section */

/* Begin PBXNativeTarget section */
		B467EF852B3419D500B9D89A /* Nuraz */ = {
			isa = PBXNativeTarget;
			buildConfigurationList = B467EF942B3419DA00B9D89A /* Build configuration list for PBXNativeTarget "Nuraz" */;
			buildPhases = (
				B467EF822B3419D500B9D89A /* Sources */,
				B467EF832B3419D500B9D89A /* Frameworks */,
				B467EF842B3419D500B9D89A /* Resources */,
			);
			buildRules = (
			);
			dependencies = (
			);
			name = Nuraz;
			productName = Nuraz;
			productReference = B467EF862B3419D500B9D89A /* Nuraz.app */;
			productType = "com.apple.product-type.application";
		};
/* End PBXNativeTarget section */

/* Begin PBXProject section */
		B467EF7E2B3419D500B9D89A /* Project object */ = {
			isa = PBXProject;
			attributes = {
				BuildIndependentTargetsInParallel = 1;
				LastSwiftUpdateCheck = 1500;
				LastUpgradeCheck = 1500;
				TargetAttributes = {
					B467EF852B3419D500B9D89A = {
						CreatedOnToolsVersion = 15.0.1;
					};
				};
			};
			buildConfigurationList = B467EF812B3419D500B9D89A /* Build configuration list for PBXProject "Nuraz" */;
			compatibilityVersion = "Xcode 14.0";
			developmentRegion = en;
			hasScannedForEncodings = 0;
			knownRegions = (
				en,
				Base,
			);
			mainGroup = B467EF7D2B3419D500B9D89A;
			productRefGroup = B467EF872B3419D500B9D89A /* Products */;
			projectDirPath = "";
			projectRoot = "";
			targets = (
				B467EF852B3419D500B9D89A /* Nuraz */,
			);
		};
/* End PBXProject section */

/* Begin PBXResourcesBuildPhase section */
		B467EF842B3419D500B9D89A /* Resources */ = {
			isa = PBXResourcesBuildPhase;
			buildActionMask = 2147483647;
			files = (
				B467EF912B3419DA00B9D89A /* Preview Assets.xcassets in Resources */,
				B467EF8E2B3419DA00B9D89A /* Assets.xcassets in Resources */,
			);
			runOnlyForDeploymentPostprocessing = 0;
		};
/* End PBXResourcesBuildPhase section */

/* Begin PBXSourcesBuildPhase section */
		B467EF822B3419D500B9D89A /* Sources */ = {
			isa = PBXSourcesBuildPhase;
			buildActionMask = 2147483647;
			files = (
				B43565A52B3D8B1C00CF866E /* OnboardingScreen.swift in Sources */,
				B4EAD2572B3EDE3600F72816 /* OnboardingData.swift in Sources */,
				B467EF8C2B3419D500B9D89A /* ContentView.swift in Sources */,
				B467EF8A2B3419D500B9D89A /* NurazApp.swift in Sources */,
				B4F751F92B36545500FDA745 /* AppTextField.swift in Sources */,
			);
			runOnlyForDeploymentPostprocessing = 0;
		};
/* End PBXSourcesBuildPhase section */

/* Begin XCBuildConfiguration section */
		B467EF922B3419DA00B9D89A /* Debug */ = {
			isa = XCBuildConfiguration;
			buildSettings = {
				ALWAYS_SEARCH_USER_PATHS = NO;
				ASSETCATALOG_COMPILER_GENERATE_SWIFT_ASSET_SYMBOL_EXTENSIONS = YES;
				CLANG_ANALYZER_NONNULL = YES;
				CLANG_ANALYZER_NUMBER_OBJECT_CONVERSION = YES_AGGRESSIVE;
				CLANG_CXX_LANGUAGE_STANDARD = "gnu++20";
				CLANG_ENABLE_MODULES = YES;
				CLANG_ENABLE_OBJC_ARC = YES;
				CLANG_ENABLE_OBJC_WEAK = YES;
				CLANG_WARN_BLOCK_CAPTURE_AUTORELEASING = YES;
				CLANG_WARN_BOOL_CONVERSION = YES;
				CLANG_WARN_COMMA = YES;
				CLANG_WARN_CONSTANT_CONVERSION = YES;
				CLANG_WARN_DEPRECATED_OBJC_IMPLEMENTATIONS = YES;
				CLANG_WARN_DIRECT_OBJC_ISA_USAGE = YES_ERROR;
				CLANG_WARN_DOCUMENTATION_COMMENTS = YES;
				CLANG_WARN_EMPTY_BODY = YES;
				CLANG_WARN_ENUM_CONVERSION = YES;
				CLANG_WARN_INFINITE_RECURSION = YES;
				CLANG_WARN_INT_CONVERSION = YES;
				CLANG_WARN_NON_LITERAL_NULL_CONVERSION = YES;
				CLANG_WARN_OBJC_IMPLICIT_RETAIN_SELF = YES;
				CLANG_WARN_OBJC_LITERAL_CONVERSION = YES;
				CLANG_WARN_OBJC_ROOT_CLASS = YES_ERROR;
				CLANG_WARN_QUOTED_INCLUDE_IN_FRAMEWORK_HEADER = YES;
				CLANG_WARN_RANGE_LOOP_ANALYSIS = YES;
				CLANG_WARN_STRICT_PROTOTYPES = YES;
				CLANG_WARN_SUSPICIOUS_MOVE = YES;
				CLANG_WARN_UNGUARDED_AVAILABILITY = YES_AGGRESSIVE;
				CLANG_WARN_UNREACHABLE_CODE = YES;
				CLANG_WARN__DUPLICATE_METHOD_MATCH = YES;
				COPY_PHASE_STRIP = NO;
				DEBUG_INFORMATION_FORMAT = dwarf;
				ENABLE_STRICT_OBJC_MSGSEND = YES;
				ENABLE_TESTABILITY = YES;
				ENABLE_USER_SCRIPT_SANDBOXING = YES;
				GCC_C_LANGUAGE_STANDARD = gnu17;
				GCC_DYNAMIC_NO_PIC = NO;
				GCC_NO_COMMON_BLOCKS = YES;
				GCC_OPTIMIZATION_LEVEL = 0;
				GCC_PREPROCESSOR_DEFINITIONS = (
					"DEBUG=1",
					"$(inherited)",
				);
				GCC_WARN_64_TO_32_BIT_CONVERSION = YES;
				GCC_WARN_ABOUT_RETURN_TYPE = YES_ERROR;
				GCC_WARN_UNDECLARED_SELECTOR = YES;
				GCC_WARN_UNINITIALIZED_AUTOS = YES_AGGRESSIVE;
				GCC_WARN_UNUSED_FUNCTION = YES;
				GCC_WARN_UNUSED_VARIABLE = YES;
				IPHONEOS_DEPLOYMENT_TARGET = 17.0;
				LOCALIZATION_PREFERS_STRING_CATALOGS = YES;
				MTL_ENABLE_DEBUG_INFO = INCLUDE_SOURCE;
				MTL_FAST_MATH = YES;
				ONLY_ACTIVE_ARCH = YES;
				SDKROOT = iphoneos;
				SWIFT_ACTIVE_COMPILATION_CONDITIONS = "DEBUG $(inherited)";
				SWIFT_OPTIMIZATION_LEVEL = "-Onone";
			};
			name = Debug;
		};
		B467EF932B3419DA00B9D89A /* Release */ = {
			isa = XCBuildConfiguration;
			buildSettings = {
				ALWAYS_SEARCH_USER_PATHS = NO;
				ASSETCATALOG_COMPILER_GENERATE_SWIFT_ASSET_SYMBOL_EXTENSIONS = YES;
				CLANG_ANALYZER_NONNULL = YES;
				CLANG_ANALYZER_NUMBER_OBJECT_CONVERSION = YES_AGGRESSIVE;
				CLANG_CXX_LANGUAGE_STANDARD = "gnu++20";
				CLANG_ENABLE_MODULES = YES;
				CLANG_ENABLE_OBJC_ARC = YES;
				CLANG_ENABLE_OBJC_WEAK = YES;
				CLANG_WARN_BLOCK_CAPTURE_AUTORELEASING = YES;
				CLANG_WARN_BOOL_CONVERSION = YES;
				CLANG_WARN_COMMA = YES;
				CLANG_WARN_CONSTANT_CONVERSION = YES;
				CLANG_WARN_DEPRECATED_OBJC_IMPLEMENTATIONS = YES;
				CLANG_WARN_DIRECT_OBJC_ISA_USAGE = YES_ERROR;
				CLANG_WARN_DOCUMENTATION_COMMENTS = YES;
				CLANG_WARN_EMPTY_BODY = YES;
				CLANG_WARN_ENUM_CONVERSION = YES;
				CLANG_WARN_INFINITE_RECURSION = YES;
				CLANG_WARN_INT_CONVERSION = YES;
				CLANG_WARN_NON_LITERAL_NULL_CONVERSION = YES;
				CLANG_WARN_OBJC_IMPLICIT_RETAIN_SELF = YES;
				CLANG_WARN_OBJC_LITERAL_CONVERSION = YES;
				CLANG_WARN_OBJC_ROOT_CLASS = YES_ERROR;
				CLANG_WARN_QUOTED_INCLUDE_IN_FRAMEWORK_HEADER = YES;
				CLANG_WARN_RANGE_LOOP_ANALYSIS = YES;
				CLANG_WARN_STRICT_PROTOTYPES = YES;
				CLANG_WARN_SUSPICIOUS_MOVE = YES;
				CLANG_WARN_UNGUARDED_AVAILABILITY = YES_AGGRESSIVE;
				CLANG_WARN_UNREACHABLE_CODE = YES;
				CLANG_WARN__DUPLICATE_METHOD_MATCH = YES;
				COPY_PHASE_STRIP = NO;
				DEBUG_INFORMATION_FORMAT = "dwarf-with-dsym";
				ENABLE_NS_ASSERTIONS = NO;
				ENABLE_STRICT_OBJC_MSGSEND = YES;
				ENABLE_USER_SCRIPT_SANDBOXING = YES;
				GCC_C_LANGUAGE_STANDARD = gnu17;
				GCC_NO_COMMON_BLOCKS = YES;
				GCC_WARN_64_TO_32_BIT_CONVERSION = YES;
				GCC_WARN_ABOUT_RETURN_TYPE = YES_ERROR;
				GCC_WARN_UNDECLARED_SELECTOR = YES;
				GCC_WARN_UNINITIALIZED_AUTOS = YES_AGGRESSIVE;
				GCC_WARN_UNUSED_FUNCTION = YES;
				GCC_WARN_UNUSED_VARIABLE = YES;
				IPHONEOS_DEPLOYMENT_TARGET = 17.0;
				LOCALIZATION_PREFERS_STRING_CATALOGS = YES;
				MTL_ENABLE_DEBUG_INFO = NO;
				MTL_FAST_MATH = YES;
				SDKROOT = iphoneos;
				SWIFT_COMPILATION_MODE = wholemodule;
				VALIDATE_PRODUCT = YES;
			};
			name = Release;
		};
		B467EF952B3419DA00B9D89A /* Debug */ = {
			isa = XCBuildConfiguration;
			buildSettings = {
				ASSETCATALOG_COMPILER_APPICON_NAME = AppIcon;
				ASSETCATALOG_COMPILER_GLOBAL_ACCENT_COLOR_NAME = AccentColor;
				CODE_SIGN_STYLE = Automatic;
				CURRENT_PROJECT_VERSION = 1;
				DEVELOPMENT_ASSET_PATHS = "\"Nuraz/Preview Content\"";
				ENABLE_PREVIEWS = YES;
				GENERATE_INFOPLIST_FILE = YES;
				INFOPLIST_KEY_UIApplicationSceneManifest_Generation = YES;
				INFOPLIST_KEY_UIApplicationSupportsIndirectInputEvents = YES;
				INFOPLIST_KEY_UILaunchScreen_Generation = YES;
				INFOPLIST_KEY_UISupportedInterfaceOrientations_iPad = "UIInterfaceOrientationPortrait UIInterfaceOrientationPortraitUpsideDown UIInterfaceOrientationLandscapeLeft UIInterfaceOrientationLandscapeRight";
				INFOPLIST_KEY_UISupportedInterfaceOrientations_iPhone = "UIInterfaceOrientationPortrait UIInterfaceOrientationLandscapeLeft UIInterfaceOrientationLandscapeRight";
				LD_RUNPATH_SEARCH_PATHS = (
					"$(inherited)",
					"@executable_path/Frameworks",
				);
				MARKETING_VERSION = 1.0;
				PRODUCT_BUNDLE_IDENTIFIER = com.enike.nuraz.Nuraz;
				PRODUCT_NAME = "$(TARGET_NAME)";
				SWIFT_EMIT_LOC_STRINGS = YES;
				SWIFT_VERSION = 5.0;
				TARGETED_DEVICE_FAMILY = "1,2";
			};
			name = Debug;
		};
		B467EF962B3419DA00B9D89A /* Release */ = {
			isa = XCBuildConfiguration;
			buildSettings = {
				ASSETCATALOG_COMPILER_APPICON_NAME = AppIcon;
				ASSETCATALOG_COMPILER_GLOBAL_ACCENT_COLOR_NAME = AccentColor;
				CODE_SIGN_STYLE = Automatic;
				CURRENT_PROJECT_VERSION = 1;
				DEVELOPMENT_ASSET_PATHS = "\"Nuraz/Preview Content\"";
				ENABLE_PREVIEWS = YES;
				GENERATE_INFOPLIST_FILE = YES;
				INFOPLIST_KEY_UIApplicationSceneManifest_Generation = YES;
				INFOPLIST_KEY_UIApplicationSupportsIndirectInputEvents = YES;
				INFOPLIST_KEY_UILaunchScreen_Generation = YES;
				INFOPLIST_KEY_UISupportedInterfaceOrientations_iPad = "UIInterfaceOrientationPortrait UIInterfaceOrientationPortraitUpsideDown UIInterfaceOrientationLandscapeLeft UIInterfaceOrientationLandscapeRight";
				INFOPLIST_KEY_UISupportedInterfaceOrientations_iPhone = "UIInterfaceOrientationPortrait UIInterfaceOrientationLandscapeLeft UIInterfaceOrientationLandscapeRight";
				LD_RUNPATH_SEARCH_PATHS = (
					"$(inherited)",
					"@executable_path/Frameworks",
				);
				MARKETING_VERSION = 1.0;
				PRODUCT_BUNDLE_IDENTIFIER = com.enike.nuraz.Nuraz;
				PRODUCT_NAME = "$(TARGET_NAME)";
				SWIFT_EMIT_LOC_STRINGS = YES;
				SWIFT_VERSION = 5.0;
				TARGETED_DEVICE_FAMILY = "1,2";
			};
			name = Release;
		};
/* End XCBuildConfiguration section */

/* Begin XCConfigurationList section */
		B467EF812B3419D500B9D89A /* Build configuration list for PBXProject "Nuraz" */ = {
			isa = XCConfigurationList;
			buildConfigurations = (
				B467EF922B3419DA00B9D89A /* Debug */,
				B467EF932B3419DA00B9D89A /* Release */,
			);
			defaultConfigurationIsVisible = 0;
			defaultConfigurationName = Release;
		};
		B467EF942B3419DA00B9D89A /* Build configuration list for PBXNativeTarget "Nuraz" */ = {
			isa = XCConfigurationList;
			buildConfigurations = (
				B467EF952B3419DA00B9D89A /* Debug */,
				B467EF962B3419DA00B9D89A /* Release */,
			);
			defaultConfigurationIsVisible = 0;
			defaultConfigurationName = Release;
		};
/* End XCConfigurationList section */
	};
	rootObject = B467EF7E2B3419D500B9D89A /* Project object */;
}
